
Microsoft Visual Studio Solution File, Format Version 12.00
# Visual Studio Version 17
VisualStudioVersion = 17.0.31903.59
MinimumVisualStudioVersion = 10.0.40219.1
Project("{FAE04EC0-301F-11D3-BF4B-00C04F79EFBC}") = "API", "API\API.csproj", "{145465BB-3745-458E-A24D-03D9BAD92876}"
EndProject
Project("{FAE04EC0-301F-11D3-BF4B-00C04F79EFBC}") = "Core", "Core\Core.csproj", "{8BE56B96-99F8-4557-9F28-BD21F351811F}"
EndProject
Project("{FAE04EC0-301F-11D3-BF4B-00C04F79EFBC}") = "Infrastructure", "Infrastructure\Infrastructure.csproj", "{9FDF9C38-83B0-4767-8534-42A2558D1152}"
EndProject
Global
	GlobalSection(SolutionConfigurationPlatforms) = preSolution
		Debug|Any CPU = Debug|Any CPU
		Release|Any CPU = Release|Any CPU
	EndGlobalSection
	GlobalSection(SolutionProperties) = preSolution
		HideSolutionNode = FALSE
	EndGlobalSection
	GlobalSection(ProjectConfigurationPlatforms) = postSolution
		{145465BB-3745-458E-A24D-03D9BAD92876}.Debug|Any CPU.ActiveCfg = Debug|Any CPU
		{145465BB-3745-458E-A24D-03D9BAD92876}.Debug|Any CPU.Build.0 = Debug|Any CPU
		{145465BB-3745-458E-A24D-03D9BAD92876}.Release|Any CPU.ActiveCfg = Release|Any CPU
		{145465BB-3745-458E-A24D-03D9BAD92876}.Release|Any CPU.Build.0 = Release|Any CPU
		{8BE56B96-99F8-4557-9F28-BD21F351811F}.Debug|Any CPU.ActiveCfg = Debug|Any CPU
		{8BE56B96-99F8-4557-9F28-BD21F351811F}.Debug|Any CPU.Build.0 = Debug|Any CPU
		{8BE56B96-99F8-4557-9F28-BD21F351811F}.Release|Any CPU.ActiveCfg = Release|Any CPU
		{8BE56B96-99F8-4557-9F28-BD21F351811F}.Release|Any CPU.Build.0 = Release|Any CPU
		{9FDF9C38-83B0-4767-8534-42A2558D1152}.Debug|Any CPU.ActiveCfg = Debug|Any CPU
		{9FDF9C38-83B0-4767-8534-42A2558D1152}.Debug|Any CPU.Build.0 = Debug|Any CPU
		{9FDF9C38-83B0-4767-8534-42A2558D1152}.Release|Any CPU.ActiveCfg = Release|Any CPU
		{9FDF9C38-83B0-4767-8534-42A2558D1152}.Release|Any CPU.Build.0 = Release|Any CPU
	EndGlobalSection
EndGlobal
